
Microsoft Visual Studio Solution File, Format Version 12.00
Project("{FAE04EC0-301F-11D3-BF4B-00C04F79EFBC}") = "TrafficVSL-OMI", "TrafficVSL-OMI.csproj", "{62A30077-0529-41BE-A4ED-5FC5D4F92ADF}"
EndProject
Project("{FAE04EC0-301F-11D3-BF4B-00C04F79EFBC}") = "TrafficVSL-OMI.Tests", "..\TrafficVSL-OMI.Tests\TrafficVSL-OMI.Tests.csproj", "{BFACE03C-C5F5-4CDB-85B2-F46FCDF25BA0}"
EndProject
Global
	GlobalSection(SolutionConfigurationPlatforms) = preSolution
		Debug|Any CPU = Debug|Any CPU
		Release|Any CPU = Release|Any CPU
	EndGlobalSection
	GlobalSection(ProjectConfigurationPlatforms) = postSolution
		{62A30077-0529-41BE-A4ED-5FC5D4F92ADF}.Debug|Any CPU.ActiveCfg = Debug|Any CPU
		{62A30077-0529-41BE-A4ED-5FC5D4F92ADF}.Debug|Any CPU.Build.0 = Debug|Any CPU
		{62A30077-0529-41BE-A4ED-5FC5D4F92ADF}.Release|Any CPU.ActiveCfg = Release|Any CPU
		{62A30077-0529-41BE-A4ED-5FC5D4F92ADF}.Release|Any CPU.Build.0 = Release|Any CPU
		{BFACE03C-C5F5-4CDB-85B2-F46FCDF25BA0}.Debug|Any CPU.ActiveCfg = Debug|Any CPU
		{BFACE03C-C5F5-4CDB-85B2-F46FCDF25BA0}.Debug|Any CPU.Build.0 = Debug|Any CPU
		{BFACE03C-C5F5-4CDB-85B2-F46FCDF25BA0}.Release|Any CPU.ActiveCfg = Release|Any CPU
		{BFACE03C-C5F5-4CDB-85B2-F46FCDF25BA0}.Release|Any CPU.Build.0 = Release|Any CPU
	EndGlobalSection
EndGlobal
